{
  "name": "@hoangthai2171/tiny-workers",
  "version": "0.1.1",
  "lockfileVersion": 3,
  "requires": true,
  "packages": {
    "": {
      "name": "@hoangthai2171/tiny-workers",
      "version": "0.1.1",
      "license": "MIT",
      "bin": {
        "tiny-workers": "bin/tiny-workers.mjs"
      },
      "engines": {
        "node": ">=20"
      }
    }
  }
}
